// !$*UTF8*$!
{
	archiveVersion = 1;
	classes = {
	};
	objectVersion = 55;
	objects = {

/* Begin PBXBuildFile section */
		C449DDFF279395D800137B58 /* AppDelegate.swift in Sources */ = {isa = PBXBuildFile; fileRef = C449DDFE279395D800137B58 /* AppDelegate.swift */; };
		C449DE01279395D800137B58 /* SceneDelegate.swift in Sources */ = {isa = PBXBuildFile; fileRef = C449DE00279395D800137B58 /* SceneDelegate.swift */; };
		C449DE06279395D800137B58 /* Main.storyboard in Resources */ = {isa = PBXBuildFile; fileRef = C449DE04279395D800137B58 /* Main.storyboard */; };
		C449DE08279395DA00137B58 /* Assets.xcassets in Resources */ = {isa = PBXBuildFile; fileRef = C449DE07279395DA00137B58 /* Assets.xcassets */; };
		C449DE0B279395DA00137B58 /* LaunchScreen.storyboard in Resources */ = {isa = PBXBuildFile; fileRef = C449DE09279395DA00137B58 /* LaunchScreen.storyboard */; };
		C449DE1427939E6700137B58 /* Registration.swift in Sources */ = {isa = PBXBuildFile; fileRef = C449DE1327939E6700137B58 /* Registration.swift */; };
		C449DE1627939F9500137B58 /* RoomType.swift in Sources */ = {isa = PBXBuildFile; fileRef = C449DE1527939F9500137B58 /* RoomType.swift */; };
		C449DE1C2793A7DA00137B58 /* AddRegistrationTableViewController.swift in Sources */ = {isa = PBXBuildFile; fileRef = C449DE1B2793A7DA00137B58 /* AddRegistrationTableViewController.swift */; };
		C449DE1F2799607700137B58 /* SelectRoomTypeTableViewController.swift in Sources */ = {isa = PBXBuildFile; fileRef = C449DE1E2799607700137B58 /* SelectRoomTypeTableViewController.swift */; };
		C449DE222799661600137B58 /* SelectRoomTypeTableViewControllerProtocol.swift in Sources */ = {isa = PBXBuildFile; fileRef = C449DE212799661600137B58 /* SelectRoomTypeTableViewControllerProtocol.swift */; };
/* End PBXBuildFile section */

/* Begin PBXFileReference section */
		C449DDFB279395D800137B58 /* Hotel Manzana.app */ = {isa = PBXFileReference; explicitFileType = wrapper.application; includeInIndex = 0; path = "Hotel Manzana.app"; sourceTree = BUILT_PRODUCTS_DIR; };
		C449DDFE279395D800137B58 /* AppDelegate.swift */ = {isa = PBXFileReference; lastKnownFileType = sourcecode.swift; path = AppDelegate.swift; sourceTree = "<group>"; };
		C449DE00279395D800137B58 /* SceneDelegate.swift */ = {isa = PBXFileReference; lastKnownFileType = sourcecode.swift; path = SceneDelegate.swift; sourceTree = "<group>"; };
		C449DE05279395D800137B58 /* Base */ = {isa = PBXFileReference; lastKnownFileType = file.storyboard; name = Base; path = Base.lproj/Main.storyboard; sourceTree = "<group>"; };
		C449DE07279395DA00137B58 /* Assets.xcassets */ = {isa = PBXFileReference; lastKnownFileType = folder.assetcatalog; path = Assets.xcassets; sourceTree = "<group>"; };
		C449DE0A279395DA00137B58 /* Base */ = {isa = PBXFileReference; lastKnownFileType = file.storyboard; name = Base; path = Base.lproj/LaunchScreen.storyboard; sourceTree = "<group>"; };
		C449DE0C279395DA00137B58 /* Info.plist */ = {isa = PBXFileReference; lastKnownFileType = text.plist.xml; path = Info.plist; sourceTree = "<group>"; };
		C449DE1327939E6700137B58 /* Registration.swift */ = {isa = PBXFileReference; lastKnownFileType = sourcecode.swift; path = Registration.swift; sourceTree = "<group>"; };
		C449DE1527939F9500137B58 /* RoomType.swift */ = {isa = PBXFileReference; lastKnownFileType = sourcecode.swift; path = RoomType.swift; sourceTree = "<group>"; };
		C449DE1B2793A7DA00137B58 /* AddRegistrationTableViewController.swift */ = {isa = PBXFileReference; lastKnownFileType = sourcecode.swift; path = AddRegistrationTableViewController.swift; sourceTree = "<group>"; };
		C449DE1E2799607700137B58 /* SelectRoomTypeTableViewController.swift */ = {isa = PBXFileReference; lastKnownFileType = sourcecode.swift; path = SelectRoomTypeTableViewController.swift; sourceTree = "<group>"; };
		C449DE212799661600137B58 /* SelectRoomTypeTableViewControllerProtocol.swift */ = {isa = PBXFileReference; lastKnownFileType = sourcecode.swift; path = SelectRoomTypeTableViewControllerProtocol.swift; sourceTree = "<group>"; };
/* End PBXFileReference section */

/* Begin PBXFrameworksBuildPhase section */
		C449DDF8279395D800137B58 /* Frameworks */ = {
			isa = PBXFrameworksBuildPhase;
			buildActionMask = 2147483647;
			files = (
			);
			runOnlyForDeploymentPostprocessing = 0;
		};
/* End PBXFrameworksBuildPhase section */

/* Begin PBXGroup section */
		C449DDF2279395D800137B58 = {
			isa = PBXGroup;
			children = (
				C449DDFD279395D800137B58 /* Hotel Manzana */,
				C449DDFC279395D800137B58 /* Products */,
			);
			sourceTree = "<group>";
		};
		C449DDFC279395D800137B58 /* Products */ = {
			isa = PBXGroup;
			children = (
				C449DDFB279395D800137B58 /* Hotel Manzana.app */,
			);
			name = Products;
			sourceTree = "<group>";
		};
		C449DDFD279395D800137B58 /* Hotel Manzana */ = {
			isa = PBXGroup;
			children = (
				C449DE1A2793A69400137B58 /* App */,
				C449DE1227939CD000137B58 /* Model */,
				C449DE20279965A700137B58 /* Protocols */,
				C449DE00279395D800137B58 /* SceneDelegate.swift */,
				C449DE182793A64700137B58 /* Storyboards */,
				C449DE172793A5EF00137B58 /* View Controllers */,
			);
			path = "Hotel Manzana";
			sourceTree = "<group>";
		};
		C449DE1227939CD000137B58 /* Model */ = {
			isa = PBXGroup;
			children = (
				C449DE1327939E6700137B58 /* Registration.swift */,
				C449DE1527939F9500137B58 /* RoomType.swift */,
			);
			path = Model;
			sourceTree = "<group>";
		};
		C449DE172793A5EF00137B58 /* View Controllers */ = {
			isa = PBXGroup;
			children = (
				C449DE1B2793A7DA00137B58 /* AddRegistrationTableViewController.swift */,
				C449DE1E2799607700137B58 /* SelectRoomTypeTableViewController.swift */,
			);
			path = "View Controllers";
			sourceTree = "<group>";
		};
		C449DE182793A64700137B58 /* Storyboards */ = {
			isa = PBXGroup;
			children = (
				C449DE09279395DA00137B58 /* LaunchScreen.storyboard */,
				C449DE04279395D800137B58 /* Main.storyboard */,
			);
			path = Storyboards;
			sourceTree = "<group>";
		};
		C449DE1A2793A69400137B58 /* App */ = {
			isa = PBXGroup;
			children = (
				C449DDFE279395D800137B58 /* AppDelegate.swift */,
				C449DE07279395DA00137B58 /* Assets.xcassets */,
				C449DE0C279395DA00137B58 /* Info.plist */,
			);
			path = App;
			sourceTree = "<group>";
		};
		C449DE20279965A700137B58 /* Protocols */ = {
			isa = PBXGroup;
			children = (
				C449DE212799661600137B58 /* SelectRoomTypeTableViewControllerProtocol.swift */,
			);
			path = Protocols;
			sourceTree = "<group>";
		};
/* End PBXGroup section */

/* Begin PBXNativeTarget section */
		C449DDFA279395D800137B58 /* Hotel Manzana */ = {
			isa = PBXNativeTarget;
			buildConfigurationList = C449DE0F279395DA00137B58 /* Build configuration list for PBXNativeTarget "Hotel Manzana" */;
			buildPhases = (
				C449DDF7279395D800137B58 /* Sources */,
				C449DDF8279395D800137B58 /* Frameworks */,
				C449DDF9279395D800137B58 /* Resources */,
			);
			buildRules = (
			);
			dependencies = (
			);
			name = "Hotel Manzana";
			productName = "Hotel Manzana";
			productReference = C449DDFB279395D800137B58 /* Hotel Manzana.app */;
			productType = "com.apple.product-type.application";
		};
/* End PBXNativeTarget section */

/* Begin PBXProject section */
		C449DDF3279395D800137B58 /* Project object */ = {
			isa = PBXProject;
			attributes = {
				BuildIndependentTargetsInParallel = 1;
				LastSwiftUpdateCheck = 1310;
				LastUpgradeCheck = 1310;
				TargetAttributes = {
					C449DDFA279395D800137B58 = {
						CreatedOnToolsVersion = 13.1;
					};
				};
			};
			buildConfigurationList = C449DDF6279395D800137B58 /* Build configuration list for PBXProject "Hotel Manzana" */;
			compatibilityVersion = "Xcode 13.0";
			developmentRegion = en;
			hasScannedForEncodings = 0;
			knownRegions = (
				en,
				Base,
			);
			mainGroup = C449DDF2279395D800137B58;
			productRefGroup = C449DDFC279395D800137B58 /* Products */;
			projectDirPath = "";
			projectRoot = "";
			targets = (
				C449DDFA279395D800137B58 /* Hotel Manzana */,
			);
		};
/* End PBXProject section */

/* Begin PBXResourcesBuildPhase section */
		C449DDF9279395D800137B58 /* Resources */ = {
			isa = PBXResourcesBuildPhase;
			buildActionMask = 2147483647;
			files = (
				C449DE0B279395DA00137B58 /* LaunchScreen.storyboard in Resources */,
				C449DE08279395DA00137B58 /* Assets.xcassets in Resources */,
				C449DE06279395D800137B58 /* Main.storyboard in Resources */,
			);
			runOnlyForDeploymentPostprocessing = 0;
		};
/* End PBXResourcesBuildPhase section */

/* Begin PBXSourcesBuildPhase section */
		C449DDF7279395D800137B58 /* Sources */ = {
			isa = PBXSourcesBuildPhase;
			buildActionMask = 2147483647;
			files = (
				C449DE1F2799607700137B58 /* SelectRoomTypeTableViewController.swift in Sources */,
				C449DE222799661600137B58 /* SelectRoomTypeTableViewControllerProtocol.swift in Sources */,
				C449DE1627939F9500137B58 /* RoomType.swift in Sources */,
				C449DE1C2793A7DA00137B58 /* AddRegistrationTableViewController.swift in Sources */,
				C449DDFF279395D800137B58 /* AppDelegate.swift in Sources */,
				C449DE1427939E6700137B58 /* Registration.swift in Sources */,
				C449DE01279395D800137B58 /* SceneDelegate.swift in Sources */,
			);
			runOnlyForDeploymentPostprocessing = 0;
		};
/* End PBXSourcesBuildPhase section */

/* Begin PBXVariantGroup section */
		C449DE04279395D800137B58 /* Main.storyboard */ = {
			isa = PBXVariantGroup;
			children = (
				C449DE05279395D800137B58 /* Base */,
			);
			name = Main.storyboard;
			sourceTree = "<group>";
		};
		C449DE09279395DA00137B58 /* LaunchScreen.storyboard */ = {
			isa = PBXVariantGroup;
			children = (
				C449DE0A279395DA00137B58 /* Base */,
			);
			name = LaunchScreen.storyboard;
			sourceTree = "<group>";
		};
/* End PBXVariantGroup section */

/* Begin XCBuildConfiguration section */
		C449DE0D279395DA00137B58 /* Debug */ = {
			isa = XCBuildConfiguration;
			buildSettings = {
				ALWAYS_SEARCH_USER_PATHS = NO;
				CLANG_ANALYZER_NONNULL = YES;
				CLANG_ANALYZER_NUMBER_OBJECT_CONVERSION = YES_AGGRESSIVE;
				CLANG_CXX_LANGUAGE_STANDARD = "gnu++17";
				CLANG_CXX_LIBRARY = "libc++";
				CLANG_ENABLE_MODULES = YES;
				CLANG_ENABLE_OBJC_ARC = YES;
				CLANG_ENABLE_OBJC_WEAK = YES;
				CLANG_WARN_BLOCK_CAPTURE_AUTORELEASING = YES;
				CLANG_WARN_BOOL_CONVERSION = YES;
				CLANG_WARN_COMMA = YES;
				CLANG_WARN_CONSTANT_CONVERSION = YES;
				CLANG_WARN_DEPRECATED_OBJC_IMPLEMENTATIONS = YES;
				CLANG_WARN_DIRECT_OBJC_ISA_USAGE = YES_ERROR;
				CLANG_WARN_DOCUMENTATION_COMMENTS = YES;
				CLANG_WARN_EMPTY_BODY = YES;
				CLANG_WARN_ENUM_CONVERSION = YES;
				CLANG_WARN_INFINITE_RECURSION = YES;
				CLANG_WARN_INT_CONVERSION = YES;
				CLANG_WARN_NON_LITERAL_NULL_CONVERSION = YES;
				CLANG_WARN_OBJC_IMPLICIT_RETAIN_SELF = YES;
				CLANG_WARN_OBJC_LITERAL_CONVERSION = YES;
				CLANG_WARN_OBJC_ROOT_CLASS = YES_ERROR;
				CLANG_WARN_QUOTED_INCLUDE_IN_FRAMEWORK_HEADER = YES;
				CLANG_WARN_RANGE_LOOP_ANALYSIS = YES;
				CLANG_WARN_STRICT_PROTOTYPES = YES;
				CLANG_WARN_SUSPICIOUS_MOVE = YES;
				CLANG_WARN_UNGUARDED_AVAILABILITY = YES_AGGRESSIVE;
				CLANG_WARN_UNREACHABLE_CODE = YES;
				CLANG_WARN__DUPLICATE_METHOD_MATCH = YES;
				COPY_PHASE_STRIP = NO;
				DEBUG_INFORMATION_FORMAT = dwarf;
				ENABLE_STRICT_OBJC_MSGSEND = YES;
				ENABLE_TESTABILITY = YES;
				GCC_C_LANGUAGE_STANDARD = gnu11;
				GCC_DYNAMIC_NO_PIC = NO;
				GCC_NO_COMMON_BLOCKS = YES;
				GCC_OPTIMIZATION_LEVEL = 0;
				GCC_PREPROCESSOR_DEFINITIONS = (
					"DEBUG=1",
					"$(inherited)",
				);
				GCC_WARN_64_TO_32_BIT_CONVERSION = YES;
				GCC_WARN_ABOUT_RETURN_TYPE = YES_ERROR;
				GCC_WARN_UNDECLARED_SELECTOR = YES;
				GCC_WARN_UNINITIALIZED_AUTOS = YES_AGGRESSIVE;
				GCC_WARN_UNUSED_FUNCTION = YES;
				GCC_WARN_UNUSED_VARIABLE = YES;
				IPHONEOS_DEPLOYMENT_TARGET = 15.0;
				MTL_ENABLE_DEBUG_INFO = INCLUDE_SOURCE;
				MTL_FAST_MATH = YES;
				ONLY_ACTIVE_ARCH = YES;
				SDKROOT = iphoneos;
				SWIFT_ACTIVE_COMPILATION_CONDITIONS = DEBUG;
				SWIFT_OPTIMIZATION_LEVEL = "-Onone";
			};
			name = Debug;
		};
		C449DE0E279395DA00137B58 /* Release */ = {
			isa = XCBuildConfiguration;
			buildSettings = {
				ALWAYS_SEARCH_USER_PATHS = NO;
				CLANG_ANALYZER_NONNULL = YES;
				CLANG_ANALYZER_NUMBER_OBJECT_CONVERSION = YES_AGGRESSIVE;
				CLANG_CXX_LANGUAGE_STANDARD = "gnu++17";
				CLANG_CXX_LIBRARY = "libc++";
				CLANG_ENABLE_MODULES = YES;
				CLANG_ENABLE_OBJC_ARC = YES;
				CLANG_ENABLE_OBJC_WEAK = YES;
				CLANG_WARN_BLOCK_CAPTURE_AUTORELEASING = YES;
				CLANG_WARN_BOOL_CONVERSION = YES;
				CLANG_WARN_COMMA = YES;
				CLANG_WARN_CONSTANT_CONVERSION = YES;
				CLANG_WARN_DEPRECATED_OBJC_IMPLEMENTATIONS = YES;
				CLANG_WARN_DIRECT_OBJC_ISA_USAGE = YES_ERROR;
				CLANG_WARN_DOCUMENTATION_COMMENTS = YES;
				CLANG_WARN_EMPTY_BODY = YES;
				CLANG_WARN_ENUM_CONVERSION = YES;
				CLANG_WARN_INFINITE_RECURSION = YES;
				CLANG_WARN_INT_CONVERSION = YES;
				CLANG_WARN_NON_LITERAL_NULL_CONVERSION = YES;
				CLANG_WARN_OBJC_IMPLICIT_RETAIN_SELF = YES;
				CLANG_WARN_OBJC_LITERAL_CONVERSION = YES;
				CLANG_WARN_OBJC_ROOT_CLASS = YES_ERROR;
				CLANG_WARN_QUOTED_INCLUDE_IN_FRAMEWORK_HEADER = YES;
				CLANG_WARN_RANGE_LOOP_ANALYSIS = YES;
				CLANG_WARN_STRICT_PROTOTYPES = YES;
				CLANG_WARN_SUSPICIOUS_MOVE = YES;
				CLANG_WARN_UNGUARDED_AVAILABILITY = YES_AGGRESSIVE;
				CLANG_WARN_UNREACHABLE_CODE = YES;
				CLANG_WARN__DUPLICATE_METHOD_MATCH = YES;
				COPY_PHASE_STRIP = NO;
				DEBUG_INFORMATION_FORMAT = "dwarf-with-dsym";
				ENABLE_NS_ASSERTIONS = NO;
				ENABLE_STRICT_OBJC_MSGSEND = YES;
				GCC_C_LANGUAGE_STANDARD = gnu11;
				GCC_NO_COMMON_BLOCKS = YES;
				GCC_WARN_64_TO_32_BIT_CONVERSION = YES;
				GCC_WARN_ABOUT_RETURN_TYPE = YES_ERROR;
				GCC_WARN_UNDECLARED_SELECTOR = YES;
				GCC_WARN_UNINITIALIZED_AUTOS = YES_AGGRESSIVE;
				GCC_WARN_UNUSED_FUNCTION = YES;
				GCC_WARN_UNUSED_VARIABLE = YES;
				IPHONEOS_DEPLOYMENT_TARGET = 15.0;
				MTL_ENABLE_DEBUG_INFO = NO;
				MTL_FAST_MATH = YES;
				SDKROOT = iphoneos;
				SWIFT_COMPILATION_MODE = wholemodule;
				SWIFT_OPTIMIZATION_LEVEL = "-O";
				VALIDATE_PRODUCT = YES;
			};
			name = Release;
		};
		C449DE10279395DA00137B58 /* Debug */ = {
			isa = XCBuildConfiguration;
			buildSettings = {
				ASSETCATALOG_COMPILER_APPICON_NAME = AppIcon;
				ASSETCATALOG_COMPILER_GLOBAL_ACCENT_COLOR_NAME = AccentColor;
				CODE_SIGN_STYLE = Automatic;
				CURRENT_PROJECT_VERSION = 1;
				DEVELOPMENT_TEAM = 9V3TAVF7A9;
				GENERATE_INFOPLIST_FILE = YES;
				INFOPLIST_FILE = "Hotel Manzana/App/Info.plist";
				INFOPLIST_KEY_UIApplicationSupportsIndirectInputEvents = YES;
				INFOPLIST_KEY_UILaunchStoryboardName = LaunchScreen;
				INFOPLIST_KEY_UIMainStoryboardFile = Main;
				INFOPLIST_KEY_UISupportedInterfaceOrientations_iPad = "UIInterfaceOrientationPortrait UIInterfaceOrientationPortraitUpsideDown UIInterfaceOrientationLandscapeLeft UIInterfaceOrientationLandscapeRight";
				INFOPLIST_KEY_UISupportedInterfaceOrientations_iPhone = "UIInterfaceOrientationPortrait UIInterfaceOrientationLandscapeLeft UIInterfaceOrientationLandscapeRight";
				LD_RUNPATH_SEARCH_PATHS = (
					"$(inherited)",
					"@executable_path/Frameworks",
				);
				MARKETING_VERSION = 1.0;
				PRODUCT_BUNDLE_IDENTIFIER = "app8bob.Hotel-Manzana";
				PRODUCT_NAME = "$(TARGET_NAME)";
				SWIFT_EMIT_LOC_STRINGS = YES;
				SWIFT_VERSION = 5.0;
				TARGETED_DEVICE_FAMILY = "1,2";
			};
			name = Debug;
		};
		C449DE11279395DA00137B58 /* Release */ = {
			isa = XCBuildConfiguration;
			buildSettings = {
				ASSETCATALOG_COMPILER_APPICON_NAME = AppIcon;
				ASSETCATALOG_COMPILER_GLOBAL_ACCENT_COLOR_NAME = AccentColor;
				CODE_SIGN_STYLE = Automatic;
				CURRENT_PROJECT_VERSION = 1;
				DEVELOPMENT_TEAM = 9V3TAVF7A9;
				GENERATE_INFOPLIST_FILE = YES;
				INFOPLIST_FILE = "Hotel Manzana/App/Info.plist";
				INFOPLIST_KEY_UIApplicationSupportsIndirectInputEvents = YES;
				INFOPLIST_KEY_UILaunchStoryboardName = LaunchScreen;
				INFOPLIST_KEY_UIMainStoryboardFile = Main;
				INFOPLIST_KEY_UISupportedInterfaceOrientations_iPad = "UIInterfaceOrientationPortrait UIInterfaceOrientationPortraitUpsideDown UIInterfaceOrientationLandscapeLeft UIInterfaceOrientationLandscapeRight";
				INFOPLIST_KEY_UISupportedInterfaceOrientations_iPhone = "UIInterfaceOrientationPortrait UIInterfaceOrientationLandscapeLeft UIInterfaceOrientationLandscapeRight";
				LD_RUNPATH_SEARCH_PATHS = (
					"$(inherited)",
					"@executable_path/Frameworks",
				);
				MARKETING_VERSION = 1.0;
				PRODUCT_BUNDLE_IDENTIFIER = "app8bob.Hotel-Manzana";
				PRODUCT_NAME = "$(TARGET_NAME)";
				SWIFT_EMIT_LOC_STRINGS = YES;
				SWIFT_VERSION = 5.0;
				TARGETED_DEVICE_FAMILY = "1,2";
			};
			name = Release;
		};
/* End XCBuildConfiguration section */

/* Begin XCConfigurationList section */
		C449DDF6279395D800137B58 /* Build configuration list for PBXProject "Hotel Manzana" */ = {
			isa = XCConfigurationList;
			buildConfigurations = (
				C449DE0D279395DA00137B58 /* Debug */,
				C449DE0E279395DA00137B58 /* Release */,
			);
			defaultConfigurationIsVisible = 0;
			defaultConfigurationName = Release;
		};
		C449DE0F279395DA00137B58 /* Build configuration list for PBXNativeTarget "Hotel Manzana" */ = {
			isa = XCConfigurationList;
			buildConfigurations = (
				C449DE10279395DA00137B58 /* Debug */,
				C449DE11279395DA00137B58 /* Release */,
			);
			defaultConfigurationIsVisible = 0;
			defaultConfigurationName = Release;
		};
/* End XCConfigurationList section */
	};
	rootObject = C449DDF3279395D800137B58 /* Project object */;
}
